lockfileVersion: '6.1'

settings:
  autoInstallPeers: true
  excludeLinksFromLockfile: false

dependencies:
  dotenv:
    specifier: ^16.1.3
    version: 16.1.3
  graphql:
    specifier: ^16.6.0
    version: 16.6.0
  graphql-compose:
    specifier: ^9.0.10
    version: 9.0.10(graphql@16.6.0)
  graphql-compose-json:
    specifier: ^6.2.0
    version: 6.2.0(graphql-compose@9.0.10)
  graphql-yoga:
    specifier: ^3.9.1
    version: 3.9.1(graphql@16.6.0)

packages:

  /@envelop/core@3.0.6:
    resolution: {integrity: sha512-06t1xCPXq6QFN7W1JUEf68aCwYN0OUDNAIoJe7bAqhaoa2vn7NCcuX1VHkJ/OWpmElUgCsRO6RiBbIru1in0Ig==}
    dependencies:
      '@envelop/types': 3.0.2
      tslib: 2.5.2
    dev: false

  /@envelop/types@3.0.2:
    resolution: {integrity: sha512-pOFea9ha0EkURWxJ/35axoH9fDGP5S2cUu/5Mmo9pb8zUf+TaEot8vB670XXihFEn/92759BMjLJNWBKmNhyng==}
    dependencies:
      tslib: 2.5.2
    dev: false

  /@envelop/validation-cache@5.1.3(@envelop/core@3.0.6)(graphql@16.6.0):
    resolution: {integrity: sha512-MkzcScQHJJQ/9YCAPdWShEi3xZv4F4neTs+NszzSrZOdlU8z/THuRt7gZ0sO0y2be+sx+SKjHQP8Gq3VXXcTTg==}
    peerDependencies:
      '@envelop/core': ^3.0.6
      graphql: ^14.0.0 || ^15.0.0 || ^16.0.0
    dependencies:
      '@envelop/core': 3.0.6
      graphql: 16.6.0
      hash-it: 6.0.0
      lru-cache: 6.0.0
      tslib: 2.5.2
    dev: false

  /@graphql-tools/executor@0.0.18(graphql@16.6.0):
    resolution: {integrity: sha512-xZC0C+/npXoSHBB5bsJdwxDLgtl1Gu4fL9J2TPQmXoZC3L2N506KJoppf9LgWdHU/xK04luJrhP6WjhfkIN0pQ==}
    peerDependencies:
      graphql: ^14.0.0 || ^15.0.0 || ^16.0.0 || ^17.0.0
    dependencies:
      '@graphql-tools/utils': 9.2.1(graphql@16.6.0)
      '@graphql-typed-document-node/core': 3.2.0(graphql@16.6.0)
      '@repeaterjs/repeater': 3.0.4
      graphql: 16.6.0
      tslib: 2.5.2
      value-or-promise: 1.0.12
    dev: false

  /@graphql-tools/merge@8.4.2(graphql@16.6.0):
    resolution: {integrity: sha512-XbrHAaj8yDuINph+sAfuq3QCZ/tKblrTLOpirK0+CAgNlZUCHs0Fa+xtMUURgwCVThLle1AF7svJCxFizygLsw==}
    peerDependencies:
      graphql: ^14.0.0 || ^15.0.0 || ^16.0.0 || ^17.0.0
    dependencies:
      '@graphql-tools/utils': 9.2.1(graphql@16.6.0)
      graphql: 16.6.0
      tslib: 2.5.2
    dev: false

  /@graphql-tools/schema@9.0.19(graphql@16.6.0):
    resolution: {integrity: sha512-oBRPoNBtCkk0zbUsyP4GaIzCt8C0aCI4ycIRUL67KK5pOHljKLBBtGT+Jr6hkzA74C8Gco8bpZPe7aWFjiaK2w==}
    peerDependencies:
      graphql: ^14.0.0 || ^15.0.0 || ^16.0.0 || ^17.0.0
    dependencies:
      '@graphql-tools/merge': 8.4.2(graphql@16.6.0)
      '@graphql-tools/utils': 9.2.1(graphql@16.6.0)
      graphql: 16.6.0
      tslib: 2.5.2
      value-or-promise: 1.0.12
    dev: false

  /@graphql-tools/utils@9.2.1(graphql@16.6.0):
    resolution: {integrity: sha512-WUw506Ql6xzmOORlriNrD6Ugx+HjVgYxt9KCXD9mHAak+eaXSwuGGPyE60hy9xaDEoXKBsG7SkG69ybitaVl6A==}
    peerDependencies:
      graphql: ^14.0.0 || ^15.0.0 || ^16.0.0 || ^17.0.0
    dependencies:
      '@graphql-typed-document-node/core': 3.2.0(graphql@16.6.0)
      graphql: 16.6.0
      tslib: 2.5.2
    dev: false

  /@graphql-typed-document-node/core@3.2.0(graphql@16.6.0):
    resolution: {integrity: sha512-mB9oAsNCm9aM3/SOv4YtBMqZbYj10R7dkq8byBqxGY/ncFwhf2oQzMV+LCRlWoDSEBJ3COiR1yeDvMtsoOsuFQ==}
    peerDependencies:
      graphql: ^0.8.0 || ^0.9.0 || ^0.10.0 || ^0.11.0 || ^0.12.0 || ^0.13.0 || ^14.0.0 || ^15.0.0 || ^16.0.0 || ^17.0.0
    dependencies:
      graphql: 16.6.0
    dev: false

  /@graphql-yoga/logger@0.0.1:
    resolution: {integrity: sha512-6npFz7eZz33mXgSm1waBLMjUNG0D5hTc/p5Hcs1mojkT3KsLpCOFokzTEKboNsBhKevYcaVa/xeA7WBj4UYMLg==}
    dependencies:
      tslib: 2.5.2
    dev: false

  /@graphql-yoga/subscription@3.1.0:
    resolution: {integrity: sha512-Vc9lh8KzIHyS3n4jBlCbz7zCjcbtQnOBpsymcRvHhFr2cuH+knmRn0EmzimMQ58jQ8kxoRXXC3KJS3RIxSdPIg==}
    dependencies:
      '@graphql-yoga/typed-event-target': 1.0.0
      '@repeaterjs/repeater': 3.0.4
      '@whatwg-node/events': 0.0.2
      tslib: 2.5.2
    dev: false

  /@graphql-yoga/typed-event-target@1.0.0:
    resolution: {integrity: sha512-Mqni6AEvl3VbpMtKw+TIjc9qS9a8hKhiAjFtqX488yq5oJtj9TkNlFTIacAVS3vnPiswNsmDiQqvwUOcJgi1DA==}
    dependencies:
      '@repeaterjs/repeater': 3.0.4
      tslib: 2.5.2
    dev: false

  /@peculiar/asn1-schema@2.3.6:
    resolution: {integrity: sha512-izNRxPoaeJeg/AyH8hER6s+H7p4itk+03QCa4sbxI3lNdseQYCuxzgsuNK8bTXChtLTjpJz6NmXKA73qLa3rCA==}
    dependencies:
      asn1js: 3.0.5
      pvtsutils: 1.3.2
      tslib: 2.5.2
    dev: false

  /@peculiar/json-schema@1.1.12:
    resolution: {integrity: sha512-coUfuoMeIB7B8/NMekxaDzLhaYmp0HZNPEjYRm9goRou8UZIC3z21s0sL9AWoCw4EG876QyO3kYrc61WNF9B/w==}
    engines: {node: '>=8.0.0'}
    dependencies:
      tslib: 2.5.2
    dev: false

  /@peculiar/webcrypto@1.4.3:
    resolution: {integrity: sha512-VtaY4spKTdN5LjJ04im/d/joXuvLbQdgy5Z4DXF4MFZhQ+MTrejbNMkfZBp1Bs3O5+bFqnJgyGdPuZQflvIa5A==}
    engines: {node: '>=10.12.0'}
    dependencies:
      '@peculiar/asn1-schema': 2.3.6
      '@peculiar/json-schema': 1.1.12
      pvtsutils: 1.3.2
      tslib: 2.5.2
      webcrypto-core: 1.7.7
    dev: false

  /@repeaterjs/repeater@3.0.4:
    resolution: {integrity: sha512-AW8PKd6iX3vAZ0vA43nOUOnbq/X5ihgU+mSXXqunMkeQADGiqw/PY0JNeYtD5sr0PAy51YPgAPbDoeapv9r8WA==}
    dev: false

  /@whatwg-node/events@0.0.2:
    resolution: {integrity: sha512-WKj/lI4QjnLuPrim0cfO7i+HsDSXHxNv1y0CrJhdntuO3hxWZmnXCwNDnwOvry11OjRin6cgWNF+j/9Pn8TN4w==}
    dev: false

  /@whatwg-node/events@0.0.3:
    resolution: {integrity: sha512-IqnKIDWfXBJkvy/k6tzskWTc2NK3LcqHlb+KHGCrjOCH4jfQckRX0NAiIcC/vIqQkzLYw2r2CTSwAxcrtcD6lA==}
    dev: false

  /@whatwg-node/fetch@0.8.8:
    resolution: {integrity: sha512-CdcjGC2vdKhc13KKxgsc6/616BQ7ooDIgPeTuAiE8qfCnS0mGzcfCOoZXypQSz73nxI+GWc7ZReIAVhxoE1KCg==}
    dependencies:
      '@peculiar/webcrypto': 1.4.3
      '@whatwg-node/node-fetch': 0.3.6
      busboy: 1.6.0
      urlpattern-polyfill: 8.0.2
      web-streams-polyfill: 3.2.1
    dev: false

  /@whatwg-node/node-fetch@0.3.6:
    resolution: {integrity: sha512-w9wKgDO4C95qnXZRwZTfCmLWqyRnooGjcIwG0wADWjw9/HN0p7dtvtgSvItZtUyNteEvgTrd8QojNEqV6DAGTA==}
    dependencies:
      '@whatwg-node/events': 0.0.3
      busboy: 1.6.0
      fast-querystring: 1.1.1
      fast-url-parser: 1.1.3
      tslib: 2.5.2
    dev: false

  /@whatwg-node/server@0.7.7:
    resolution: {integrity: sha512-aHURgNDFm/48WVV3vhTMfnEKCYwYgdaRdRhZsQZx4UVFjGGkGay7Ys0+AYu9QT/jpoImv2oONkstoTMUprDofg==}
    dependencies:
      '@whatwg-node/fetch': 0.8.8
      tslib: 2.5.2
    dev: false

  /asn1js@3.0.5:
    resolution: {integrity: sha512-FVnvrKJwpt9LP2lAMl8qZswRNm3T4q9CON+bxldk2iwk3FFpuwhx2FfinyitizWHsVYyaY+y5JzDR0rCMV5yTQ==}
    engines: {node: '>=12.0.0'}
    dependencies:
      pvtsutils: 1.3.2
      pvutils: 1.1.3
      tslib: 2.5.2
    dev: false

  /busboy@1.6.0:
    resolution: {integrity: sha512-8SFQbg/0hQ9xy3UNTB0YEnsNBbWfhf7RtnzpL7TkBiTBRfrQ9Fxcnz7VJsleJpyp6rVLvXiuORqjlHi5q+PYuA==}
    engines: {node: '>=10.16.0'}
    dependencies:
      streamsearch: 1.1.0
    dev: false

  /dotenv@16.1.3:
    resolution: {integrity: sha512-FYssxsmCTtKL72fGBSvb1K9dRz0/VZeWqFme/vSb7r7323x4CRaHu4LvQ5JG3+s6yt2YPbBrkpiEODktfyjI9A==}
    engines: {node: '>=12'}
    dev: false

  /dset@3.1.2:
    resolution: {integrity: sha512-g/M9sqy3oHe477Ar4voQxWtaPIFw1jTdKZuomOjhCcBx9nHUNn0pu6NopuFFrTh/TRZIKEj+76vLWFu9BNKk+Q==}
    engines: {node: '>=4'}
    dev: false

  /fast-decode-uri-component@1.0.1:
    resolution: {integrity: sha512-WKgKWg5eUxvRZGwW8FvfbaH7AXSh2cL+3j5fMGzUMCxWBJ3dV3a7Wz8y2f/uQ0e3B6WmodD3oS54jTQ9HVTIIg==}
    dev: false

  /fast-querystring@1.1.1:
    resolution: {integrity: sha512-qR2r+e3HvhEFmpdHMv//U8FnFlnYjaC6QKDuaXALDkw2kvHO8WDjxH+f/rHGR4Me4pnk8p9JAkRNTjYHAKRn2Q==}
    dependencies:
      fast-decode-uri-component: 1.0.1
    dev: false

  /fast-url-parser@1.1.3:
    resolution: {integrity: sha512-5jOCVXADYNuRkKFzNJ0dCCewsZiYo0dz8QNYljkOpFC6r2U4OBmKtvm/Tsuh4w1YYdDqDb31a8TVhBJ2OJKdqQ==}
    dependencies:
      punycode: 1.4.1
    dev: false

  /graphql-compose-json@6.2.0(graphql-compose@9.0.10):
    resolution: {integrity: sha512-EfY6VPu6/Rah8xCEXa7WT1W/Hyd+wJZ08HFRDtEsZx3z/WRguDXDGi0kppGXWNQDc66PtEMfWvhDDsM/J8kiRQ==}
    peerDependencies:
      graphql-compose: ^7.0.4 || ^8.0.0 || ^9.0.0
    dependencies:
      graphql-compose: 9.0.10(graphql@16.6.0)
    dev: false

  /graphql-compose@9.0.10(graphql@16.6.0):
    resolution: {integrity: sha512-UsVoxfi2+c8WbHl2pEB+teoRRZoY4mbWBoijeLDGpAZBSPChnqtSRjp+T9UcouLCwGr5ooNyOQLoI3OVzU1bPQ==}
    peerDependencies:
      graphql: ^14.2.0 || ^15.0.0 || ^16.0.0
    dependencies:
      graphql: 16.6.0
      graphql-type-json: 0.3.2(graphql@16.6.0)
    dev: false

  /graphql-type-json@0.3.2(graphql@16.6.0):
    resolution: {integrity: sha512-J+vjof74oMlCWXSvt0DOf2APEdZOCdubEvGDUAlqH//VBYcOYsGgRW7Xzorr44LvkjiuvecWc8fChxuZZbChtg==}
    peerDependencies:
      graphql: '>=0.8.0'
    dependencies:
      graphql: 16.6.0
    dev: false

  /graphql-yoga@3.9.1(graphql@16.6.0):
    resolution: {integrity: sha512-BB6EkN64VBTXWmf9Kym2OsVZFzBC0mAsQNo9eNB5xIr3t+x7qepQ34xW5A353NWol3Js3xpzxwIKFVF6l9VsPg==}
    peerDependencies:
      graphql: ^15.2.0 || ^16.0.0
    dependencies:
      '@envelop/core': 3.0.6
      '@envelop/validation-cache': 5.1.3(@envelop/core@3.0.6)(graphql@16.6.0)
      '@graphql-tools/executor': 0.0.18(graphql@16.6.0)
      '@graphql-tools/schema': 9.0.19(graphql@16.6.0)
      '@graphql-tools/utils': 9.2.1(graphql@16.6.0)
      '@graphql-yoga/logger': 0.0.1
      '@graphql-yoga/subscription': 3.1.0
      '@whatwg-node/fetch': 0.8.8
      '@whatwg-node/server': 0.7.7
      dset: 3.1.2
      graphql: 16.6.0
      lru-cache: 7.18.3
      tslib: 2.5.2
    dev: false

  /graphql@16.6.0:
    resolution: {integrity: sha512-KPIBPDlW7NxrbT/eh4qPXz5FiFdL5UbaA0XUNz2Rp3Z3hqBSkbj0GVjwFDztsWVauZUWsbKHgMg++sk8UX0bkw==}
    engines: {node: ^12.22.0 || ^14.16.0 || ^16.0.0 || >=17.0.0}
    dev: false

  /hash-it@6.0.0:
    resolution: {integrity: sha512-KHzmSFx1KwyMPw0kXeeUD752q/Kfbzhy6dAZrjXV9kAIXGqzGvv8vhkUqj+2MGZldTo0IBpw6v7iWE7uxsvH0w==}
    dev: false

  /lru-cache@6.0.0:
    resolution: {integrity: sha512-Jo6dJ04CmSjuznwJSS3pUeWmd/H0ffTlkXXgwZi+eq1UCmqQwCh+eLsYOYCwY991i2Fah4h1BEMCx4qThGbsiA==}
    engines: {node: '>=10'}
    dependencies:
      yallist: 4.0.0
    dev: false

  /lru-cache@7.18.3:
    resolution: {integrity: sha512-jumlc0BIUrS3qJGgIkWZsyfAM7NCWiBcCDhnd+3NNM5KbBmLTgHVfWBcg6W+rLUsIpzpERPsvwUP7CckAQSOoA==}
    engines: {node: '>=12'}
    dev: false

  /punycode@1.4.1:
    resolution: {integrity: sha512-jmYNElW7yvO7TV33CjSmvSiE2yco3bV2czu/OzDKdMNVZQWfxCblURLhf+47syQRBntjfLdd/H0egrzIG+oaFQ==}
    dev: false

  /pvtsutils@1.3.2:
    resolution: {integrity: sha512-+Ipe2iNUyrZz+8K/2IOo+kKikdtfhRKzNpQbruF2URmqPtoqAs8g3xS7TJvFF2GcPXjh7DkqMnpVveRFq4PgEQ==}
    dependencies:
      tslib: 2.5.2
    dev: false

  /pvutils@1.1.3:
    resolution: {integrity: sha512-pMpnA0qRdFp32b1sJl1wOJNxZLQ2cbQx+k6tjNtZ8CpvVhNqEPRgivZ2WOUev2YMajecdH7ctUPDvEe87nariQ==}
    engines: {node: '>=6.0.0'}
    dev: false

  /streamsearch@1.1.0:
    resolution: {integrity: sha512-Mcc5wHehp9aXz1ax6bZUyY5afg9u2rv5cqQI3mRrYkGC8rW2hM02jWuwjtL++LS5qinSyhj2QfLyNsuc+VsExg==}
    engines: {node: '>=10.0.0'}
    dev: false

  /tslib@2.5.2:
    resolution: {integrity: sha512-5svOrSA2w3iGFDs1HibEVBGbDrAY82bFQ3HZ3ixB+88nsbsWQoKqDRb5UBYAUPEzbBn6dAp5gRNXglySbx1MlA==}
    dev: false

  /urlpattern-polyfill@8.0.2:
    resolution: {integrity: sha512-Qp95D4TPJl1kC9SKigDcqgyM2VDVO4RiJc2d4qe5GrYm+zbIQCWWKAFaJNQ4BhdFeDGwBmAxqJBwWSJDb9T3BQ==}
    dev: false

  /value-or-promise@1.0.12:
    resolution: {integrity: sha512-Z6Uz+TYwEqE7ZN50gwn+1LCVo9ZVrpxRPOhOLnncYkY1ZzOYtrX8Fwf/rFktZ8R5mJms6EZf5TqNOMeZmnPq9Q==}
    engines: {node: '>=12'}
    dev: false

  /web-streams-polyfill@3.2.1:
    resolution: {integrity: sha512-e0MO3wdXWKrLbL0DgGnUV7WHVuw9OUvL4hjgnPkIeEvESk74gAITi5G606JtZPp39cd8HA9VQzCIvA49LpPN5Q==}
    engines: {node: '>= 8'}
    dev: false

  /webcrypto-core@1.7.7:
    resolution: {integrity: sha512-7FjigXNsBfopEj+5DV2nhNpfic2vumtjjgPmeDKk45z+MJwXKKfhPB7118Pfzrmh4jqOMST6Ch37iPAHoImg5g==}
    dependencies:
      '@peculiar/asn1-schema': 2.3.6
      '@peculiar/json-schema': 1.1.12
      asn1js: 3.0.5
      pvtsutils: 1.3.2
      tslib: 2.5.2
    dev: false

  /yallist@4.0.0:
    resolution: {integrity: sha512-3wdGidZyq5PB084XLES5TpOSRA3wjXAlIWMhum2kRcv/41Sn2emQ0dycQW4uZXLejwKvg6EsvbdlVL+FYEct7A==}
    dev: false
